// !$*UTF8*$!
{
	archiveVersion = 1;
	classes = {
	};
	objectVersion = 56;
	objects = {

/* Begin PBXBuildFile section */
		4C0FB6522A90B8C9003E6827 /* real root calculation.cpp in Sources */ = {isa = PBXBuildFile; fileRef = 4C0FB6502A90B8C9003E6827 /* real root calculation.cpp */; };
		4CB902932A8FDB38009A8409 /* main.cpp in Sources */ = {isa = PBXBuildFile; fileRef = 4CB902922A8FDB38009A8409 /* main.cpp */; };
		4CB9029B2A8FE0D7009A8409 /* check-func.cpp in Sources */ = {isa = PBXBuildFile; fileRef = 4CB902992A8FE0D7009A8409 /* check-func.cpp */; };
		4CB9029E2A8FE23F009A8409 /* power.cpp in Sources */ = {isa = PBXBuildFile; fileRef = 4CB9029C2A8FE23F009A8409 /* power.cpp */; };
/* End PBXBuildFile section */

/* Begin PBXCopyFilesBuildPhase section */
		4CB9028D2A8FDB38009A8409 /* CopyFiles */ = {
			isa = PBXCopyFilesBuildPhase;
			buildActionMask = 2147483647;
			dstPath = /usr/share/man/man1/;
			dstSubfolderSpec = 0;
			files = (
			);
			runOnlyForDeploymentPostprocessing = 1;
		};
/* End PBXCopyFilesBuildPhase section */

/* Begin PBXFileReference section */
		4C0FB6502A90B8C9003E6827 /* real root calculation.cpp */ = {isa = PBXFileReference; lastKnownFileType = sourcecode.cpp.cpp; path = "real root calculation.cpp"; sourceTree = "<group>"; };
		4C0FB6512A90B8C9003E6827 /* real root calculation.hpp */ = {isa = PBXFileReference; lastKnownFileType = sourcecode.cpp.h; path = "real root calculation.hpp"; sourceTree = "<group>"; };
		4CB9028F2A8FDB38009A8409 /* Stepik-C-PlusPlus-Course */ = {isa = PBXFileReference; explicitFileType = "compiled.mach-o.executable"; includeInIndex = 0; path = "Stepik-C-PlusPlus-Course"; sourceTree = BUILT_PRODUCTS_DIR; };
		4CB902922A8FDB38009A8409 /* main.cpp */ = {isa = PBXFileReference; lastKnownFileType = sourcecode.cpp.cpp; path = main.cpp; sourceTree = "<group>"; };
		4CB902992A8FE0D7009A8409 /* check-func.cpp */ = {isa = PBXFileReference; lastKnownFileType = sourcecode.cpp.cpp; path = "check-func.cpp"; sourceTree = "<group>"; };
		4CB9029A2A8FE0D7009A8409 /* check-func.hpp */ = {isa = PBXFileReference; lastKnownFileType = sourcecode.cpp.h; path = "check-func.hpp"; sourceTree = "<group>"; };
		4CB9029C2A8FE23F009A8409 /* power.cpp */ = {isa = PBXFileReference; lastKnownFileType = sourcecode.cpp.cpp; path = power.cpp; sourceTree = "<group>"; };
		4CB9029D2A8FE23F009A8409 /* power.hpp */ = {isa = PBXFileReference; lastKnownFileType = sourcecode.cpp.h; path = power.hpp; sourceTree = "<group>"; };
/* End PBXFileReference section */

/* Begin PBXFrameworksBuildPhase section */
		4CB9028C2A8FDB38009A8409 /* Frameworks */ = {
			isa = PBXFrameworksBuildPhase;
			buildActionMask = 2147483647;
			files = (
			);
			runOnlyForDeploymentPostprocessing = 0;
		};
/* End PBXFrameworksBuildPhase section */

/* Begin PBXGroup section */
		4C0FB64F2A90B8B2003E6827 /* Roots */ = {
			isa = PBXGroup;
			children = (
				4C0FB6502A90B8C9003E6827 /* real root calculation.cpp */,
				4C0FB6512A90B8C9003E6827 /* real root calculation.hpp */,
			);
			path = Roots;
			sourceTree = "<group>";
		};
		4CB902862A8FDB38009A8409 = {
			isa = PBXGroup;
			children = (
				4CB902912A8FDB38009A8409 /* Stepik-C-PlusPlus-Course */,
				4CB902902A8FDB38009A8409 /* Products */,
			);
			sourceTree = "<group>";
		};
		4CB902902A8FDB38009A8409 /* Products */ = {
			isa = PBXGroup;
			children = (
				4CB9028F2A8FDB38009A8409 /* Stepik-C-PlusPlus-Course */,
			);
			name = Products;
			sourceTree = "<group>";
		};
		4CB902912A8FDB38009A8409 /* Stepik-C-PlusPlus-Course */ = {
			isa = PBXGroup;
			children = (
				4CB902922A8FDB38009A8409 /* main.cpp */,
				4C0FB64F2A90B8B2003E6827 /* Roots */,
				4CB902A02A8FE2D5009A8409 /* Check */,
				4CB9029F2A8FE2C8009A8409 /* Power */,
			);
			path = "Stepik-C-PlusPlus-Course";
			sourceTree = "<group>";
		};
		4CB9029F2A8FE2C8009A8409 /* Power */ = {
			isa = PBXGroup;
			children = (
				4CB9029C2A8FE23F009A8409 /* power.cpp */,
				4CB9029D2A8FE23F009A8409 /* power.hpp */,
			);
			path = Power;
			sourceTree = "<group>";
		};
		4CB902A02A8FE2D5009A8409 /* Check */ = {
			isa = PBXGroup;
			children = (
				4CB902992A8FE0D7009A8409 /* check-func.cpp */,
				4CB9029A2A8FE0D7009A8409 /* check-func.hpp */,
			);
			path = Check;
			sourceTree = "<group>";
		};
/* End PBXGroup section */

/* Begin PBXNativeTarget section */
		4CB9028E2A8FDB38009A8409 /* Stepik-C-PlusPlus-Course */ = {
			isa = PBXNativeTarget;
			buildConfigurationList = 4CB902962A8FDB38009A8409 /* Build configuration list for PBXNativeTarget "Stepik-C-PlusPlus-Course" */;
			buildPhases = (
				4CB9028B2A8FDB38009A8409 /* Sources */,
				4CB9028C2A8FDB38009A8409 /* Frameworks */,
				4CB9028D2A8FDB38009A8409 /* CopyFiles */,
			);
			buildRules = (
			);
			dependencies = (
			);
			name = "Stepik-C-PlusPlus-Course";
			productName = "Stepik-C-PlusPlus-Course";
			productReference = 4CB9028F2A8FDB38009A8409 /* Stepik-C-PlusPlus-Course */;
			productType = "com.apple.product-type.tool";
		};
/* End PBXNativeTarget section */

/* Begin PBXProject section */
		4CB902872A8FDB38009A8409 /* Project object */ = {
			isa = PBXProject;
			attributes = {
				BuildIndependentTargetsInParallel = 1;
				LastUpgradeCheck = 1430;
				TargetAttributes = {
					4CB9028E2A8FDB38009A8409 = {
						CreatedOnToolsVersion = 14.3.1;
					};
				};
			};
			buildConfigurationList = 4CB9028A2A8FDB38009A8409 /* Build configuration list for PBXProject "Stepik-C-PlusPlus-Course" */;
			compatibilityVersion = "Xcode 14.0";
			developmentRegion = en;
			hasScannedForEncodings = 0;
			knownRegions = (
				en,
				Base,
			);
			mainGroup = 4CB902862A8FDB38009A8409;
			productRefGroup = 4CB902902A8FDB38009A8409 /* Products */;
			projectDirPath = "";
			projectRoot = "";
			targets = (
				4CB9028E2A8FDB38009A8409 /* Stepik-C-PlusPlus-Course */,
			);
		};
/* End PBXProject section */

/* Begin PBXSourcesBuildPhase section */
		4CB9028B2A8FDB38009A8409 /* Sources */ = {
			isa = PBXSourcesBuildPhase;
			buildActionMask = 2147483647;
			files = (
				4C0FB6522A90B8C9003E6827 /* real root calculation.cpp in Sources */,
				4CB9029B2A8FE0D7009A8409 /* check-func.cpp in Sources */,
				4CB902932A8FDB38009A8409 /* main.cpp in Sources */,
				4CB9029E2A8FE23F009A8409 /* power.cpp in Sources */,
			);
			runOnlyForDeploymentPostprocessing = 0;
		};
/* End PBXSourcesBuildPhase section */

/* Begin XCBuildConfiguration section */
		4CB902942A8FDB38009A8409 /* Debug */ = {
			isa = XCBuildConfiguration;
			buildSettings = {
				ALWAYS_SEARCH_USER_PATHS = NO;
				CLANG_ANALYZER_NONNULL = YES;
				CLANG_ANALYZER_NUMBER_OBJECT_CONVERSION = YES_AGGRESSIVE;
				CLANG_CXX_LANGUAGE_STANDARD = "gnu++20";
				CLANG_ENABLE_MODULES = YES;
				CLANG_ENABLE_OBJC_ARC = YES;
				CLANG_ENABLE_OBJC_WEAK = YES;
				CLANG_WARN_BLOCK_CAPTURE_AUTORELEASING = YES;
				CLANG_WARN_BOOL_CONVERSION = YES;
				CLANG_WARN_COMMA = YES;
				CLANG_WARN_CONSTANT_CONVERSION = YES;
				CLANG_WARN_DEPRECATED_OBJC_IMPLEMENTATIONS = YES;
				CLANG_WARN_DIRECT_OBJC_ISA_USAGE = YES_ERROR;
				CLANG_WARN_DOCUMENTATION_COMMENTS = YES;
				CLANG_WARN_EMPTY_BODY = YES;
				CLANG_WARN_ENUM_CONVERSION = YES;
				CLANG_WARN_INFINITE_RECURSION = YES;
				CLANG_WARN_INT_CONVERSION = YES;
				CLANG_WARN_NON_LITERAL_NULL_CONVERSION = YES;
				CLANG_WARN_OBJC_IMPLICIT_RETAIN_SELF = YES;
				CLANG_WARN_OBJC_LITERAL_CONVERSION = YES;
				CLANG_WARN_OBJC_ROOT_CLASS = YES_ERROR;
				CLANG_WARN_QUOTED_INCLUDE_IN_FRAMEWORK_HEADER = YES;
				CLANG_WARN_RANGE_LOOP_ANALYSIS = YES;
				CLANG_WARN_STRICT_PROTOTYPES = YES;
				CLANG_WARN_SUSPICIOUS_MOVE = YES;
				CLANG_WARN_UNGUARDED_AVAILABILITY = YES_AGGRESSIVE;
				CLANG_WARN_UNREACHABLE_CODE = YES;
				CLANG_WARN__DUPLICATE_METHOD_MATCH = YES;
				COPY_PHASE_STRIP = NO;
				DEBUG_INFORMATION_FORMAT = dwarf;
				ENABLE_STRICT_OBJC_MSGSEND = YES;
				ENABLE_TESTABILITY = YES;
				GCC_C_LANGUAGE_STANDARD = gnu11;
				GCC_DYNAMIC_NO_PIC = NO;
				GCC_NO_COMMON_BLOCKS = YES;
				GCC_OPTIMIZATION_LEVEL = 0;
				GCC_PREPROCESSOR_DEFINITIONS = (
					"DEBUG=1",
					"$(inherited)",
				);
				GCC_WARN_64_TO_32_BIT_CONVERSION = YES;
				GCC_WARN_ABOUT_RETURN_TYPE = YES_ERROR;
				GCC_WARN_UNDECLARED_SELECTOR = YES;
				GCC_WARN_UNINITIALIZED_AUTOS = YES_AGGRESSIVE;
				GCC_WARN_UNUSED_FUNCTION = YES;
				GCC_WARN_UNUSED_VARIABLE = YES;
				MACOSX_DEPLOYMENT_TARGET = 13.3;
				MTL_ENABLE_DEBUG_INFO = INCLUDE_SOURCE;
				MTL_FAST_MATH = YES;
				ONLY_ACTIVE_ARCH = YES;
				SDKROOT = macosx;
			};
			name = Debug;
		};
		4CB902952A8FDB38009A8409 /* Release */ = {
			isa = XCBuildConfiguration;
			buildSettings = {
				ALWAYS_SEARCH_USER_PATHS = NO;
				CLANG_ANALYZER_NONNULL = YES;
				CLANG_ANALYZER_NUMBER_OBJECT_CONVERSION = YES_AGGRESSIVE;
				CLANG_CXX_LANGUAGE_STANDARD = "gnu++20";
				CLANG_ENABLE_MODULES = YES;
				CLANG_ENABLE_OBJC_ARC = YES;
				CLANG_ENABLE_OBJC_WEAK = YES;
				CLANG_WARN_BLOCK_CAPTURE_AUTORELEASING = YES;
				CLANG_WARN_BOOL_CONVERSION = YES;
				CLANG_WARN_COMMA = YES;
				CLANG_WARN_CONSTANT_CONVERSION = YES;
				CLANG_WARN_DEPRECATED_OBJC_IMPLEMENTATIONS = YES;
				CLANG_WARN_DIRECT_OBJC_ISA_USAGE = YES_ERROR;
				CLANG_WARN_DOCUMENTATION_COMMENTS = YES;
				CLANG_WARN_EMPTY_BODY = YES;
				CLANG_WARN_ENUM_CONVERSION = YES;
				CLANG_WARN_INFINITE_RECURSION = YES;
				CLANG_WARN_INT_CONVERSION = YES;
				CLANG_WARN_NON_LITERAL_NULL_CONVERSION = YES;
				CLANG_WARN_OBJC_IMPLICIT_RETAIN_SELF = YES;
				CLANG_WARN_OBJC_LITERAL_CONVERSION = YES;
				CLANG_WARN_OBJC_ROOT_CLASS = YES_ERROR;
				CLANG_WARN_QUOTED_INCLUDE_IN_FRAMEWORK_HEADER = YES;
				CLANG_WARN_RANGE_LOOP_ANALYSIS = YES;
				CLANG_WARN_STRICT_PROTOTYPES = YES;
				CLANG_WARN_SUSPICIOUS_MOVE = YES;
				CLANG_WARN_UNGUARDED_AVAILABILITY = YES_AGGRESSIVE;
				CLANG_WARN_UNREACHABLE_CODE = YES;
				CLANG_WARN__DUPLICATE_METHOD_MATCH = YES;
				COPY_PHASE_STRIP = NO;
				DEBUG_INFORMATION_FORMAT = "dwarf-with-dsym";
				ENABLE_NS_ASSERTIONS = NO;
				ENABLE_STRICT_OBJC_MSGSEND = YES;
				GCC_C_LANGUAGE_STANDARD = gnu11;
				GCC_NO_COMMON_BLOCKS = YES;
				GCC_WARN_64_TO_32_BIT_CONVERSION = YES;
				GCC_WARN_ABOUT_RETURN_TYPE = YES_ERROR;
				GCC_WARN_UNDECLARED_SELECTOR = YES;
				GCC_WARN_UNINITIALIZED_AUTOS = YES_AGGRESSIVE;
				GCC_WARN_UNUSED_FUNCTION = YES;
				GCC_WARN_UNUSED_VARIABLE = YES;
				MACOSX_DEPLOYMENT_TARGET = 13.3;
				MTL_ENABLE_DEBUG_INFO = NO;
				MTL_FAST_MATH = YES;
				SDKROOT = macosx;
			};
			name = Release;
		};
		4CB902972A8FDB38009A8409 /* Debug */ = {
			isa = XCBuildConfiguration;
			buildSettings = {
				CODE_SIGN_STYLE = Automatic;
				DEVELOPMENT_TEAM = Q3P95MDH6Q;
				ENABLE_HARDENED_RUNTIME = YES;
				PRODUCT_NAME = "$(TARGET_NAME)";
			};
			name = Debug;
		};
		4CB902982A8FDB38009A8409 /* Release */ = {
			isa = XCBuildConfiguration;
			buildSettings = {
				CODE_SIGN_STYLE = Automatic;
				DEVELOPMENT_TEAM = Q3P95MDH6Q;
				ENABLE_HARDENED_RUNTIME = YES;
				PRODUCT_NAME = "$(TARGET_NAME)";
			};
			name = Release;
		};
/* End XCBuildConfiguration section */

/* Begin XCConfigurationList section */
		4CB9028A2A8FDB38009A8409 /* Build configuration list for PBXProject "Stepik-C-PlusPlus-Course" */ = {
			isa = XCConfigurationList;
			buildConfigurations = (
				4CB902942A8FDB38009A8409 /* Debug */,
				4CB902952A8FDB38009A8409 /* Release */,
			);
			defaultConfigurationIsVisible = 0;
			defaultConfigurationName = Release;
		};
		4CB902962A8FDB38009A8409 /* Build configuration list for PBXNativeTarget "Stepik-C-PlusPlus-Course" */ = {
			isa = XCConfigurationList;
			buildConfigurations = (
				4CB902972A8FDB38009A8409 /* Debug */,
				4CB902982A8FDB38009A8409 /* Release */,
			);
			defaultConfigurationIsVisible = 0;
			defaultConfigurationName = Release;
		};
/* End XCConfigurationList section */
	};
	rootObject = 4CB902872A8FDB38009A8409 /* Project object */;
}
